
Microsoft Visual Studio Solution File, Format Version 12.00
# Visual Studio Version 17
VisualStudioVersion = 17.1.32228.430
MinimumVisualStudioVersion = 10.0.40219.1
Project("{FAE04EC0-301F-11D3-BF4B-00C04F79EFBC}") = "SwagApp.Android", "SwagApp\SwagApp.Android\SwagApp.Android.csproj", "{6119DA16-F3A5-4C2D-AD59-96637160C79F}"
EndProject
Project("{FAE04EC0-301F-11D3-BF4B-00C04F79EFBC}") = "SwagApp.iOS", "SwagApp\SwagApp.iOS\SwagApp.iOS.csproj", "{E025E7DE-2EB9-4F94-ACD1-3FAA1B5B14B0}"
EndProject
Project("{FAE04EC0-301F-11D3-BF4B-00C04F79EFBC}") = "SwagApp", "SwagApp\SwagApp\SwagApp.csproj", "{BC5C85B8-673A-44BB-A3AC-A19B56AB06DA}"
EndProject
Global
	GlobalSection(SolutionConfigurationPlatforms) = preSolution
		Debug|Any CPU = Debug|Any CPU
		Debug|iPhone = Debug|iPhone
		Debug|iPhoneSimulator = Debug|iPhoneSimulator
		Release|Any CPU = Release|Any CPU
		Release|iPhone = Release|iPhone
		Release|iPhoneSimulator = Release|iPhoneSimulator
	EndGlobalSection
	GlobalSection(ProjectConfigurationPlatforms) = postSolution
		{6119DA16-F3A5-4C2D-AD59-96637160C79F}.Debug|Any CPU.ActiveCfg = Debug|Any CPU
		{6119DA16-F3A5-4C2D-AD59-96637160C79F}.Debug|Any CPU.Build.0 = Debug|Any CPU
		{6119DA16-F3A5-4C2D-AD59-96637160C79F}.Debug|Any CPU.Deploy.0 = Debug|Any CPU
		{6119DA16-F3A5-4C2D-AD59-96637160C79F}.Debug|iPhone.ActiveCfg = Debug|Any CPU
		{6119DA16-F3A5-4C2D-AD59-96637160C79F}.Debug|iPhone.Build.0 = Debug|Any CPU
		{6119DA16-F3A5-4C2D-AD59-96637160C79F}.Debug|iPhone.Deploy.0 = Debug|Any CPU
		{6119DA16-F3A5-4C2D-AD59-96637160C79F}.Debug|iPhoneSimulator.ActiveCfg = Debug|Any CPU
		{6119DA16-F3A5-4C2D-AD59-96637160C79F}.Debug|iPhoneSimulator.Build.0 = Debug|Any CPU
		{6119DA16-F3A5-4C2D-AD59-96637160C79F}.Debug|iPhoneSimulator.Deploy.0 = Debug|Any CPU
		{6119DA16-F3A5-4C2D-AD59-96637160C79F}.Release|Any CPU.ActiveCfg = Release|Any CPU
		{6119DA16-F3A5-4C2D-AD59-96637160C79F}.Release|Any CPU.Build.0 = Release|Any CPU
		{6119DA16-F3A5-4C2D-AD59-96637160C79F}.Release|Any CPU.Deploy.0 = Release|Any CPU
		{6119DA16-F3A5-4C2D-AD59-96637160C79F}.Release|iPhone.ActiveCfg = Release|Any CPU
		{6119DA16-F3A5-4C2D-AD59-96637160C79F}.Release|iPhone.Build.0 = Release|Any CPU
		{6119DA16-F3A5-4C2D-AD59-96637160C79F}.Release|iPhone.Deploy.0 = Release|Any CPU
		{6119DA16-F3A5-4C2D-AD59-96637160C79F}.Release|iPhoneSimulator.ActiveCfg = Release|Any CPU
		{6119DA16-F3A5-4C2D-AD59-96637160C79F}.Release|iPhoneSimulator.Build.0 = Release|Any CPU
		{6119DA16-F3A5-4C2D-AD59-96637160C79F}.Release|iPhoneSimulator.Deploy.0 = Release|Any CPU
		{E025E7DE-2EB9-4F94-ACD1-3FAA1B5B14B0}.Debug|Any CPU.ActiveCfg = Debug|iPhone
		{E025E7DE-2EB9-4F94-ACD1-3FAA1B5B14B0}.Debug|Any CPU.Build.0 = Debug|iPhone
		{E025E7DE-2EB9-4F94-ACD1-3FAA1B5B14B0}.Debug|Any CPU.Deploy.0 = Debug|iPhone
		{E025E7DE-2EB9-4F94-ACD1-3FAA1B5B14B0}.Debug|iPhone.ActiveCfg = Debug|iPhone
		{E025E7DE-2EB9-4F94-ACD1-3FAA1B5B14B0}.Debug|iPhone.Build.0 = Debug|iPhone
		{E025E7DE-2EB9-4F94-ACD1-3FAA1B5B14B0}.Debug|iPhone.Deploy.0 = Debug|iPhone
		{E025E7DE-2EB9-4F94-ACD1-3FAA1B5B14B0}.Debug|iPhoneSimulator.ActiveCfg = Debug|iPhoneSimulator
		{E025E7DE-2EB9-4F94-ACD1-3FAA1B5B14B0}.Debug|iPhoneSimulator.Build.0 = Debug|iPhoneSimulator
		{E025E7DE-2EB9-4F94-ACD1-3FAA1B5B14B0}.Debug|iPhoneSimulator.Deploy.0 = Debug|iPhoneSimulator
		{E025E7DE-2EB9-4F94-ACD1-3FAA1B5B14B0}.Release|Any CPU.ActiveCfg = Release|iPhoneSimulator
		{E025E7DE-2EB9-4F94-ACD1-3FAA1B5B14B0}.Release|Any CPU.Build.0 = Release|iPhoneSimulator
		{E025E7DE-2EB9-4F94-ACD1-3FAA1B5B14B0}.Release|Any CPU.Deploy.0 = Release|iPhoneSimulator
		{E025E7DE-2EB9-4F94-ACD1-3FAA1B5B14B0}.Release|iPhone.ActiveCfg = Release|iPhone
		{E025E7DE-2EB9-4F94-ACD1-3FAA1B5B14B0}.Release|iPhone.Build.0 = Release|iPhone
		{E025E7DE-2EB9-4F94-ACD1-3FAA1B5B14B0}.Release|iPhone.Deploy.0 = Release|iPhone
		{E025E7DE-2EB9-4F94-ACD1-3FAA1B5B14B0}.Release|iPhoneSimulator.ActiveCfg = Release|iPhoneSimulator
		{E025E7DE-2EB9-4F94-ACD1-3FAA1B5B14B0}.Release|iPhoneSimulator.Build.0 = Release|iPhoneSimulator
		{E025E7DE-2EB9-4F94-ACD1-3FAA1B5B14B0}.Release|iPhoneSimulator.Deploy.0 = Release|iPhoneSimulator
		{BC5C85B8-673A-44BB-A3AC-A19B56AB06DA}.Debug|Any CPU.ActiveCfg = Debug|Any CPU
		{BC5C85B8-673A-44BB-A3AC-A19B56AB06DA}.Debug|Any CPU.Build.0 = Debug|Any CPU
		{BC5C85B8-673A-44BB-A3AC-A19B56AB06DA}.Debug|Any CPU.Deploy.0 = Debug|Any CPU
		{BC5C85B8-673A-44BB-A3AC-A19B56AB06DA}.Debug|iPhone.ActiveCfg = Debug|Any CPU
		{BC5C85B8-673A-44BB-A3AC-A19B56AB06DA}.Debug|iPhone.Build.0 = Debug|Any CPU
		{BC5C85B8-673A-44BB-A3AC-A19B56AB06DA}.Debug|iPhone.Deploy.0 = Debug|Any CPU
		{BC5C85B8-673A-44BB-A3AC-A19B56AB06DA}.Debug|iPhoneSimulator.ActiveCfg = Debug|Any CPU
		{BC5C85B8-673A-44BB-A3AC-A19B56AB06DA}.Debug|iPhoneSimulator.Build.0 = Debug|Any CPU
		{BC5C85B8-673A-44BB-A3AC-A19B56AB06DA}.Debug|iPhoneSimulator.Deploy.0 = Debug|Any CPU
		{BC5C85B8-673A-44BB-A3AC-A19B56AB06DA}.Release|Any CPU.ActiveCfg = Release|Any CPU
		{BC5C85B8-673A-44BB-A3AC-A19B56AB06DA}.Release|Any CPU.Build.0 = Release|Any CPU
		{BC5C85B8-673A-44BB-A3AC-A19B56AB06DA}.Release|Any CPU.Deploy.0 = Release|Any CPU
		{BC5C85B8-673A-44BB-A3AC-A19B56AB06DA}.Release|iPhone.ActiveCfg = Release|Any CPU
		{BC5C85B8-673A-44BB-A3AC-A19B56AB06DA}.Release|iPhone.Build.0 = Release|Any CPU
		{BC5C85B8-673A-44BB-A3AC-A19B56AB06DA}.Release|iPhone.Deploy.0 = Release|Any CPU
		{BC5C85B8-673A-44BB-A3AC-A19B56AB06DA}.Release|iPhoneSimulator.ActiveCfg = Release|Any CPU
		{BC5C85B8-673A-44BB-A3AC-A19B56AB06DA}.Release|iPhoneSimulator.Build.0 = Release|Any CPU
		{BC5C85B8-673A-44BB-A3AC-A19B56AB06DA}.Release|iPhoneSimulator.Deploy.0 = Release|Any CPU
	EndGlobalSection
	GlobalSection(SolutionProperties) = preSolution
		HideSolutionNode = FALSE
	EndGlobalSection
	GlobalSection(ExtensibilityGlobals) = postSolution
		SolutionGuid = {573B1616-79A7-4EDE-AC1E-6055557B0E43}
	EndGlobalSection
EndGlobal
